
Microsoft Visual Studio Solution File, Format Version 12.00
# Visual Studio Version 17
VisualStudioVersion = 17.9.34728.123
MinimumVisualStudioVersion = 10.0.40219.1
Project("{FAE04EC0-301F-11D3-BF4B-00C04F79EFBC}") = "HeatWave", "HeatWave\HeatWave.csproj", "{4BA00394-EA34-428F-BBBF-EF2EFBCF4F49}"
EndProject
Global
	GlobalSection(SolutionConfigurationPlatforms) = preSolution
		Debug|Any CPU = Debug|Any CPU
		Release|Any CPU = Release|Any CPU
	EndGlobalSection
	GlobalSection(ProjectConfigurationPlatforms) = postSolution
		{4BA00394-EA34-428F-BBBF-EF2EFBCF4F49}.Debug|Any CPU.ActiveCfg = Debug|Any CPU
		{4BA00394-EA34-428F-BBBF-EF2EFBCF4F49}.Debug|Any CPU.Build.0 = Debug|Any CPU
		{4BA00394-EA34-428F-BBBF-EF2EFBCF4F49}.Release|Any CPU.ActiveCfg = Release|Any CPU
		{4BA00394-EA34-428F-BBBF-EF2EFBCF4F49}.Release|Any CPU.Build.0 = Release|Any CPU
	EndGlobalSection
	GlobalSection(SolutionProperties) = preSolution
		HideSolutionNode = FALSE
	EndGlobalSection
	GlobalSection(ExtensibilityGlobals) = postSolution
		SolutionGuid = {58D27914-8E4D-4820-A5F8-653D4FF87C4E}
	EndGlobalSection
EndGlobal
